
Microsoft Visual Studio Solution File, Format Version 12.00
# Visual Studio Version 17
VisualStudioVersion = 17.6.33815.320
MinimumVisualStudioVersion = 10.0.40219.1
Project("{FAE04EC0-301F-11D3-BF4B-00C04F79EFBC}") = "Minecraft_Forms", "Minecraft_Forms\Minecraft_Forms.csproj", "{A493B6DE-44B3-4460-AB5F-DC9BE2DA3606}"
EndProject
Global
	GlobalSection(SolutionConfigurationPlatforms) = preSolution
		Debug|Any CPU = Debug|Any CPU
		Release|Any CPU = Release|Any CPU
	EndGlobalSection
	GlobalSection(ProjectConfigurationPlatforms) = postSolution
		{A493B6DE-44B3-4460-AB5F-DC9BE2DA3606}.Debug|Any CPU.ActiveCfg = Debug|Any CPU
		{A493B6DE-44B3-4460-AB5F-DC9BE2DA3606}.Debug|Any CPU.Build.0 = Debug|Any CPU
		{A493B6DE-44B3-4460-AB5F-DC9BE2DA3606}.Release|Any CPU.ActiveCfg = Release|Any CPU
		{A493B6DE-44B3-4460-AB5F-DC9BE2DA3606}.Release|Any CPU.Build.0 = Release|Any CPU
	EndGlobalSection
	GlobalSection(SolutionProperties) = preSolution
		HideSolutionNode = FALSE
	EndGlobalSection
	GlobalSection(ExtensibilityGlobals) = postSolution
		SolutionGuid = {478CD365-64A9-488B-B672-F1A6AE956309}
	EndGlobalSection
EndGlobal
