
Microsoft Visual Studio Solution File, Format Version 12.00
# Visual Studio Version 17
VisualStudioVersion = 17.6.33815.320
MinimumVisualStudioVersion = 10.0.40219.1
Project("{FAE04EC0-301F-11D3-BF4B-00C04F79EFBC}") = "MethodsExample", "MethodsExample\MethodsExample.csproj", "{1135072E-43DE-4BA1-94E6-DE4A531316DC}"
EndProject
Global
	GlobalSection(SolutionConfigurationPlatforms) = preSolution
		Debug|Any CPU = Debug|Any CPU
		Release|Any CPU = Release|Any CPU
	EndGlobalSection
	GlobalSection(ProjectConfigurationPlatforms) = postSolution
		{1135072E-43DE-4BA1-94E6-DE4A531316DC}.Debug|Any CPU.ActiveCfg = Debug|Any CPU
		{1135072E-43DE-4BA1-94E6-DE4A531316DC}.Debug|Any CPU.Build.0 = Debug|Any CPU
		{1135072E-43DE-4BA1-94E6-DE4A531316DC}.Release|Any CPU.ActiveCfg = Release|Any CPU
		{1135072E-43DE-4BA1-94E6-DE4A531316DC}.Release|Any CPU.Build.0 = Release|Any CPU
	EndGlobalSection
	GlobalSection(SolutionProperties) = preSolution
		HideSolutionNode = FALSE
	EndGlobalSection
	GlobalSection(ExtensibilityGlobals) = postSolution
		SolutionGuid = {A18A10C9-06D1-48CE-8638-786A206831D7}
	EndGlobalSection
EndGlobal
