
Microsoft Visual Studio Solution File, Format Version 12.00
# Visual Studio Version 17
VisualStudioVersion = 17.6.33815.320
MinimumVisualStudioVersion = 10.0.40219.1
Project("{FAE04EC0-301F-11D3-BF4B-00C04F79EFBC}") = "OOP_Introduction", "OOP_Introduction\OOP_Introduction.csproj", "{6F45751F-69A8-4E6B-BAEF-E18873CE561C}"
EndProject
Global
	GlobalSection(SolutionConfigurationPlatforms) = preSolution
		Debug|Any CPU = Debug|Any CPU
		Release|Any CPU = Release|Any CPU
	EndGlobalSection
	GlobalSection(ProjectConfigurationPlatforms) = postSolution
		{6F45751F-69A8-4E6B-BAEF-E18873CE561C}.Debug|Any CPU.ActiveCfg = Debug|Any CPU
		{6F45751F-69A8-4E6B-BAEF-E18873CE561C}.Debug|Any CPU.Build.0 = Debug|Any CPU
		{6F45751F-69A8-4E6B-BAEF-E18873CE561C}.Release|Any CPU.ActiveCfg = Release|Any CPU
		{6F45751F-69A8-4E6B-BAEF-E18873CE561C}.Release|Any CPU.Build.0 = Release|Any CPU
	EndGlobalSection
	GlobalSection(SolutionProperties) = preSolution
		HideSolutionNode = FALSE
	EndGlobalSection
	GlobalSection(ExtensibilityGlobals) = postSolution
		SolutionGuid = {CB61F526-FDB9-465E-A92C-D870F9A07D08}
	EndGlobalSection
EndGlobal
