
Microsoft Visual Studio Solution File, Format Version 12.00
# Visual Studio Version 17
VisualStudioVersion = 17.6.33815.320
MinimumVisualStudioVersion = 10.0.40219.1
Project("{FAE04EC0-301F-11D3-BF4B-00C04F79EFBC}") = "OOP_Introduction_2", "OOP_Introduction_2\OOP_Introduction_2.csproj", "{AA2D75E2-1456-4CDD-BCDE-7C67E7F82071}"
EndProject
Global
	GlobalSection(SolutionConfigurationPlatforms) = preSolution
		Debug|Any CPU = Debug|Any CPU
		Release|Any CPU = Release|Any CPU
	EndGlobalSection
	GlobalSection(ProjectConfigurationPlatforms) = postSolution
		{AA2D75E2-1456-4CDD-BCDE-7C67E7F82071}.Debug|Any CPU.ActiveCfg = Debug|Any CPU
		{AA2D75E2-1456-4CDD-BCDE-7C67E7F82071}.Debug|Any CPU.Build.0 = Debug|Any CPU
		{AA2D75E2-1456-4CDD-BCDE-7C67E7F82071}.Release|Any CPU.ActiveCfg = Release|Any CPU
		{AA2D75E2-1456-4CDD-BCDE-7C67E7F82071}.Release|Any CPU.Build.0 = Release|Any CPU
	EndGlobalSection
	GlobalSection(SolutionProperties) = preSolution
		HideSolutionNode = FALSE
	EndGlobalSection
	GlobalSection(ExtensibilityGlobals) = postSolution
		SolutionGuid = {F0D78700-F915-4F15-A959-76107C2F440E}
	EndGlobalSection
EndGlobal
